
Microsoft Visual Studio Solution File, Format Version 12.00
# Visual Studio Version 17
VisualStudioVersion = 17.1.31911.260
MinimumVisualStudioVersion = 10.0.40219.1
Project("{FAE04EC0-301F-11D3-BF4B-00C04F79EFBC}") = "PangyaDat", "PangyaDat.csproj", "{331FA077-5364-4C93-B79A-E5B24E97EA4D}"
EndProject
Project("{FAE04EC0-301F-11D3-BF4B-00C04F79EFBC}") = "PangyaDatTest", "PangyaDatTest\PangyaDatTest.csproj", "{98CF616A-D9B1-476F-8A83-63468472637F}"
EndProject
Global
	GlobalSection(SolutionConfigurationPlatforms) = preSolution
		Debug|Any CPU = Debug|Any CPU
		Release|Any CPU = Release|Any CPU
	EndGlobalSection
	GlobalSection(ProjectConfigurationPlatforms) = postSolution
		{331FA077-5364-4C93-B79A-E5B24E97EA4D}.Debug|Any CPU.ActiveCfg = Debug|Any CPU
		{331FA077-5364-4C93-B79A-E5B24E97EA4D}.Debug|Any CPU.Build.0 = Debug|Any CPU
		{331FA077-5364-4C93-B79A-E5B24E97EA4D}.Release|Any CPU.ActiveCfg = Release|Any CPU
		{331FA077-5364-4C93-B79A-E5B24E97EA4D}.Release|Any CPU.Build.0 = Release|Any CPU
		{98CF616A-D9B1-476F-8A83-63468472637F}.Debug|Any CPU.ActiveCfg = Debug|Any CPU
		{98CF616A-D9B1-476F-8A83-63468472637F}.Debug|Any CPU.Build.0 = Debug|Any CPU
		{98CF616A-D9B1-476F-8A83-63468472637F}.Release|Any CPU.ActiveCfg = Release|Any CPU
		{98CF616A-D9B1-476F-8A83-63468472637F}.Release|Any CPU.Build.0 = Release|Any CPU
	EndGlobalSection
	GlobalSection(SolutionProperties) = preSolution
		HideSolutionNode = FALSE
	EndGlobalSection
	GlobalSection(ExtensibilityGlobals) = postSolution
		SolutionGuid = {69CE5BF8-EF8B-43AD-9BC6-5E04185BE91A}
	EndGlobalSection
EndGlobal
